// !$*UTF8*$!
{
	archiveVersion = 1;
	classes = {
	};
	objectVersion = 45;
	objects = {

/* Begin PBXBuildFile section */
		1D3623260D0F684500981E51 /* gloggerAppDelegate.m in Sources */ = {isa = PBXBuildFile; fileRef = 1D3623250D0F684500981E51 /* gloggerAppDelegate.m */; };
		1D60589B0D05DD56006BFB54 /* main.m in Sources */ = {isa = PBXBuildFile; fileRef = 29B97316FDCFA39411CA2CEA /* main.m */; };
		1D60589F0D05DD5A006BFB54 /* Foundation.framework in Frameworks */ = {isa = PBXBuildFile; fileRef = 1D30AB110D05D00D00671497 /* Foundation.framework */; };
		1DF5F4E00D08C38300B7A737 /* UIKit.framework in Frameworks */ = {isa = PBXBuildFile; fileRef = 1DF5F4DF0D08C38300B7A737 /* UIKit.framework */; };
		28860BE50F44EE6400985440 /* CoreData.framework in Frameworks */ = {isa = PBXBuildFile; fileRef = 28860BE40F44EE6400985440 /* CoreData.framework */; };
		2892E4100DC94CBA00A64D0F /* CoreGraphics.framework in Frameworks */ = {isa = PBXBuildFile; fileRef = 2892E40F0DC94CBA00A64D0F /* CoreGraphics.framework */; };
		28AD73600D9D9599002E5188 /* MainWindow.xib in Resources */ = {isa = PBXBuildFile; fileRef = 28AD735F0D9D9599002E5188 /* MainWindow.xib */; };
		28D3F202112F7DC200FD0661 /* glogger.xcdatamodeld in Sources */ = {isa = PBXBuildFile; fileRef = 28D3F201112F7DC200FD0661 /* glogger.xcdatamodeld */; };
		423813A712130E8300C19B17 /* ASINetworkQueue.m in Sources */ = {isa = PBXBuildFile; fileRef = 4238139812130E8300C19B17 /* ASINetworkQueue.m */; };
		423813A812130E8300C19B17 /* ASIInputStream.m in Sources */ = {isa = PBXBuildFile; fileRef = 4238139A12130E8300C19B17 /* ASIInputStream.m */; };
		423813A912130E8300C19B17 /* ASIHTTPRequest.m in Sources */ = {isa = PBXBuildFile; fileRef = 4238139E12130E8300C19B17 /* ASIHTTPRequest.m */; };
		423813AA12130E8300C19B17 /* ASIFormDataRequest.m in Sources */ = {isa = PBXBuildFile; fileRef = 423813A012130E8300C19B17 /* ASIFormDataRequest.m */; };
		423813AB12130E8300C19B17 /* ASIDownloadCache.m in Sources */ = {isa = PBXBuildFile; fileRef = 423813A212130E8300C19B17 /* ASIDownloadCache.m */; };
		423813AC12130E8300C19B17 /* ASIAuthenticationDialog.m in Sources */ = {isa = PBXBuildFile; fileRef = 423813A512130E8300C19B17 /* ASIAuthenticationDialog.m */; };
		423813B212130ECA00C19B17 /* Reachability.m in Sources */ = {isa = PBXBuildFile; fileRef = 423813B012130ECA00C19B17 /* Reachability.m */; };
		423813B612130EEC00C19B17 /* CFNetwork.framework in Frameworks */ = {isa = PBXBuildFile; fileRef = 423813B512130EEC00C19B17 /* CFNetwork.framework */; };
		423813B812130EEC00C19B17 /* SystemConfiguration.framework in Frameworks */ = {isa = PBXBuildFile; fileRef = 423813B712130EEC00C19B17 /* SystemConfiguration.framework */; };
		423813C012130F2600C19B17 /* libz.1.2.3.dylib in Frameworks */ = {isa = PBXBuildFile; fileRef = 423813BF12130F2600C19B17 /* libz.1.2.3.dylib */; };
		423813C412130FA900C19B17 /* MobileCoreServices.framework in Frameworks */ = {isa = PBXBuildFile; fileRef = 423813C312130FA900C19B17 /* MobileCoreServices.framework */; };
		423CE3241209C7A40024586D /* nnShortSound.m in Sources */ = {isa = PBXBuildFile; fileRef = 423CE3221209C7A40024586D /* nnShortSound.m */; };
		423CE3421209C8FA0024586D /* record_start.aiff in Resources */ = {isa = PBXBuildFile; fileRef = 423CE3401209C8FA0024586D /* record_start.aiff */; };
		423CE3431209C8FA0024586D /* record_end.aiff in Resources */ = {isa = PBXBuildFile; fileRef = 423CE3411209C8FA0024586D /* record_end.aiff */; };
		423CE35F1209C9820024586D /* CoreAudio.framework in Frameworks */ = {isa = PBXBuildFile; fileRef = 423CE35E1209C9820024586D /* CoreAudio.framework */; };
		423CE3651209C99B0024586D /* AudioToolbox.framework in Frameworks */ = {isa = PBXBuildFile; fileRef = 423CE3641209C99B0024586D /* AudioToolbox.framework */; };
		427F4A9D1203AE6900153B28 /* MessageUI.framework in Frameworks */ = {isa = PBXBuildFile; fileRef = 427F4A9C1203AE6900153B28 /* MessageUI.framework */; };
		427F4BD41203D98800153B28 /* icon.png in Resources */ = {isa = PBXBuildFile; fileRef = 427F4BD31203D98800153B28 /* icon.png */; };
		427F4DF112088D6800153B28 /* nnStatusIndicator.m in Sources */ = {isa = PBXBuildFile; fileRef = 427F4DEF12088D6800153B28 /* nnStatusIndicator.m */; };
		427F4E511208911200153B28 /* indicator_yellow.png in Resources */ = {isa = PBXBuildFile; fileRef = 427F4E4E1208911200153B28 /* indicator_yellow.png */; };
		427F4E521208911200153B28 /* indicator_bad.png in Resources */ = {isa = PBXBuildFile; fileRef = 427F4E4F1208911200153B28 /* indicator_bad.png */; };
		427F4E531208911200153B28 /* indicator_good.png in Resources */ = {isa = PBXBuildFile; fileRef = 427F4E501208911200153B28 /* indicator_good.png */; };
		42AE81D912132E210052A86C /* SBJsonWriter.m in Sources */ = {isa = PBXBuildFile; fileRef = 42AE81CE12132E210052A86C /* SBJsonWriter.m */; };
		42AE81DA12132E210052A86C /* SBJsonParser.m in Sources */ = {isa = PBXBuildFile; fileRef = 42AE81D012132E210052A86C /* SBJsonParser.m */; };
		42AE81DB12132E210052A86C /* SBJsonBase.m in Sources */ = {isa = PBXBuildFile; fileRef = 42AE81D212132E210052A86C /* SBJsonBase.m */; };
		42AE81DC12132E210052A86C /* NSString+SBJSON.m in Sources */ = {isa = PBXBuildFile; fileRef = 42AE81D412132E210052A86C /* NSString+SBJSON.m */; };
		42AE81DD12132E210052A86C /* NSObject+SBJSON.m in Sources */ = {isa = PBXBuildFile; fileRef = 42AE81D612132E210052A86C /* NSObject+SBJSON.m */; };
		42AE83AF1214928C0052A86C /* SettingsViewController.xib in Resources */ = {isa = PBXBuildFile; fileRef = 42AE83AD1214928C0052A86C /* SettingsViewController.xib */; };
		42AE84B512159B1C0052A86C /* nnLoginSettingsViewController.m in Sources */ = {isa = PBXBuildFile; fileRef = 42AE84B412159B1C0052A86C /* nnLoginSettingsViewController.m */; };
		42AE84B812159B710052A86C /* SettingsViewController.m in Sources */ = {isa = PBXBuildFile; fileRef = 42AE84B712159B710052A86C /* SettingsViewController.m */; };
		42AE875412160A7E0052A86C /* ping.aiff in Resources */ = {isa = PBXBuildFile; fileRef = 42AE875312160A7E0052A86C /* ping.aiff */; };
		42AE878D121983100052A86C /* nnDVBoolUISwitch.m in Sources */ = {isa = PBXBuildFile; fileRef = 42AE878C121983100052A86C /* nnDVBoolUISwitch.m */; };
		42C0145F12F4D7A600C0F7C8 /* nnDVStringUIText.m in Sources */ = {isa = PBXBuildFile; fileRef = 42C0145E12F4D7A600C0F7C8 /* nnDVStringUIText.m */; };
		42C0146212F5A9BE00C0F7C8 /* nnDVDoubleUISlider.m in Sources */ = {isa = PBXBuildFile; fileRef = 42C0146112F5A9BE00C0F7C8 /* nnDVDoubleUISlider.m */; };
		42E12158129978FA00FD11F9 /* TODO.txt in Resources */ = {isa = PBXBuildFile; fileRef = 42E12157129978FA00FD11F9 /* TODO.txt */; };
		42F14709121D649C0039EDE0 /* nnHTTPService.m in Sources */ = {isa = PBXBuildFile; fileRef = 42F14707121D649C0039EDE0 /* nnHTTPService.m */; };
		42F14710121D65AA0039EDE0 /* RideHttpService.m in Sources */ = {isa = PBXBuildFile; fileRef = 42F1470F121D65AA0039EDE0 /* RideHttpService.m */; };
		42F149E2121F39610039EDE0 /* RideListController.m in Sources */ = {isa = PBXBuildFile; fileRef = 42F149E0121F39610039EDE0 /* RideListController.m */; };
		42F149E4121F39760039EDE0 /* RideListController.xib in Resources */ = {isa = PBXBuildFile; fileRef = 42F149E3121F39760039EDE0 /* RideListController.xib */; };
		42F14A6A121F3B8F0039EDE0 /* StartViewController.m in Sources */ = {isa = PBXBuildFile; fileRef = 42F14A68121F3B8F0039EDE0 /* StartViewController.m */; };
		42F14A6B121F3B8F0039EDE0 /* StartViewController.xib in Resources */ = {isa = PBXBuildFile; fileRef = 42F14A69121F3B8F0039EDE0 /* StartViewController.xib */; };
		42F14DEB121FA03D0039EDE0 /* LiveRecordingViewController.m in Sources */ = {isa = PBXBuildFile; fileRef = 42F14DE9121FA03D0039EDE0 /* LiveRecordingViewController.m */; };
		42F14DEC121FA03D0039EDE0 /* LiveRecordingViewController.xib in Resources */ = {isa = PBXBuildFile; fileRef = 42F14DEA121FA03D0039EDE0 /* LiveRecordingViewController.xib */; };
		42F14F8E1221A8890039EDE0 /* nnSmoother.m in Sources */ = {isa = PBXBuildFile; fileRef = 42F14F8D1221A8890039EDE0 /* nnSmoother.m */; };
		42F1532E12255A620039EDE0 /* RecordingManager.m in Sources */ = {isa = PBXBuildFile; fileRef = 42F1532D12255A620039EDE0 /* RecordingManager.m */; };
		42F57F6E11FF901E00D863E6 /* northNitch.m in Sources */ = {isa = PBXBuildFile; fileRef = 42F57F6B11FF901E00D863E6 /* northNitch.m */; };
		42F57F7411FF904200D863E6 /* nnPreferenceManager.m in Sources */ = {isa = PBXBuildFile; fileRef = 42F57F7011FF904200D863E6 /* nnPreferenceManager.m */; };
		42F5810212007CF900D863E6 /* Glogger.m in Sources */ = {isa = PBXBuildFile; fileRef = 42F5810112007CF900D863E6 /* Glogger.m */; };
		42F5813B120085B600D863E6 /* nnCoreDataTableViewController.m in Sources */ = {isa = PBXBuildFile; fileRef = 42F5813A120085B600D863E6 /* nnCoreDataTableViewController.m */; };
		42F5813E120085CC00D863E6 /* nnCoreDataManager.m in Sources */ = {isa = PBXBuildFile; fileRef = 42F5813D120085CC00D863E6 /* nnCoreDataManager.m */; };
		42F5816012008C1F00D863E6 /* nnCounterTableViewCell.m in Sources */ = {isa = PBXBuildFile; fileRef = 42F5815D12008C1F00D863E6 /* nnCounterTableViewCell.m */; };
		42F5816112008C1F00D863E6 /* nnCustomTableViewCell.m in Sources */ = {isa = PBXBuildFile; fileRef = 42F5815F12008C1F00D863E6 /* nnCustomTableViewCell.m */; };
		42F5828512009A9200D863E6 /* RecordingMapViewController.m in Sources */ = {isa = PBXBuildFile; fileRef = 42F5828312009A9200D863E6 /* RecordingMapViewController.m */; };
		42F5828612009A9200D863E6 /* RecordingMapViewController.xib in Resources */ = {isa = PBXBuildFile; fileRef = 42F5828412009A9200D863E6 /* RecordingMapViewController.xib */; };
		42F5830F12009FEA00D863E6 /* MapKit.framework in Frameworks */ = {isa = PBXBuildFile; fileRef = 42F5830E12009FEA00D863E6 /* MapKit.framework */; };
		42F583431200A44400D863E6 /* CoreLocation.framework in Frameworks */ = {isa = PBXBuildFile; fileRef = 42F583421200A44400D863E6 /* CoreLocation.framework */; };
		42F584301200CEEA00D863E6 /* CustomTableCell.xib in Resources */ = {isa = PBXBuildFile; fileRef = 42F5842F1200CEEA00D863E6 /* CustomTableCell.xib */; };
		42F9ACA41200E10D00381E71 /* Recording.m in Sources */ = {isa = PBXBuildFile; fileRef = 42F9ACA31200E10D00381E71 /* Recording.m */; };
		42F9ACAD1200E16C00381E71 /* RecordItem.m in Sources */ = {isa = PBXBuildFile; fileRef = 42F9ACAC1200E16C00381E71 /* RecordItem.m */; };
		42F9AD5A1201262B00381E71 /* nnScrollingCGView.m in Sources */ = {isa = PBXBuildFile; fileRef = 42F9AD591201262B00381E71 /* nnScrollingCGView.m */; };
		42F9AD981201296E00381E71 /* TimeBasedView.m in Sources */ = {isa = PBXBuildFile; fileRef = 42F9AD4B1201261100381E71 /* TimeBasedView.m */; };
		42F9B07B120235C300381E71 /* elevation_off.png in Resources */ = {isa = PBXBuildFile; fileRef = 42F9B079120235C300381E71 /* elevation_off.png */; };
		42F9B07C120235C300381E71 /* elevation_on.png in Resources */ = {isa = PBXBuildFile; fileRef = 42F9B07A120235C300381E71 /* elevation_on.png */; };
		42F9B15412023B4600381E71 /* distance_off.png in Resources */ = {isa = PBXBuildFile; fileRef = 42F9B14E12023B4600381E71 /* distance_off.png */; };
		42F9B15512023B4600381E71 /* distance_on.png in Resources */ = {isa = PBXBuildFile; fileRef = 42F9B14F12023B4600381E71 /* distance_on.png */; };
		42F9B15612023B4600381E71 /* gradient_off.png in Resources */ = {isa = PBXBuildFile; fileRef = 42F9B15012023B4600381E71 /* gradient_off.png */; };
		42F9B15712023B4600381E71 /* gradient_on.png in Resources */ = {isa = PBXBuildFile; fileRef = 42F9B15112023B4600381E71 /* gradient_on.png */; };
		42F9B15812023B4600381E71 /* speed_off.png in Resources */ = {isa = PBXBuildFile; fileRef = 42F9B15212023B4600381E71 /* speed_off.png */; };
		42F9B15912023B4600381E71 /* speed_on.png in Resources */ = {isa = PBXBuildFile; fileRef = 42F9B15312023B4600381E71 /* speed_on.png */; };
		42F9B35212025F7900381E71 /* nnImageToggleButton.m in Sources */ = {isa = PBXBuildFile; fileRef = 42F9B35112025F7900381E71 /* nnImageToggleButton.m */; };
/* End PBXBuildFile section */

/* Begin PBXFileReference section */
		1D30AB110D05D00D00671497 /* Foundation.framework */ = {isa = PBXFileReference; lastKnownFileType = wrapper.framework; name = Foundation.framework; path = System/Library/Frameworks/Foundation.framework; sourceTree = SDKROOT; };
		1D3623240D0F684500981E51 /* gloggerAppDelegate.h */ = {isa = PBXFileReference; fileEncoding = 4; lastKnownFileType = sourcecode.c.h; path = gloggerAppDelegate.h; sourceTree = "<group>"; };
		1D3623250D0F684500981E51 /* gloggerAppDelegate.m */ = {isa = PBXFileReference; fileEncoding = 4; lastKnownFileType = sourcecode.c.objc; path = gloggerAppDelegate.m; sourceTree = "<group>"; };
		1D6058910D05DD3D006BFB54 /* glogger.app */ = {isa = PBXFileReference; explicitFileType = wrapper.application; includeInIndex = 0; path = glogger.app; sourceTree = BUILT_PRODUCTS_DIR; };
		1DF5F4DF0D08C38300B7A737 /* UIKit.framework */ = {isa = PBXFileReference; lastKnownFileType = wrapper.framework; name = UIKit.framework; path = System/Library/Frameworks/UIKit.framework; sourceTree = SDKROOT; };
		28860B760F44E54D00985440 /* glogger.xcdatamodel */ = {isa = PBXFileReference; fileEncoding = 4; lastKnownFileType = wrapper.xcdatamodel; path = glogger.xcdatamodel; sourceTree = "<group>"; };
		28860BE40F44EE6400985440 /* CoreData.framework */ = {isa = PBXFileReference; lastKnownFileType = wrapper.framework; name = CoreData.framework; path = System/Library/Frameworks/CoreData.framework; sourceTree = SDKROOT; };
		2892E40F0DC94CBA00A64D0F /* CoreGraphics.framework */ = {isa = PBXFileReference; lastKnownFileType = wrapper.framework; name = CoreGraphics.framework; path = System/Library/Frameworks/CoreGraphics.framework; sourceTree = SDKROOT; };
		28A0AAE50D9B0CCF005BE974 /* glogger_Prefix.pch */ = {isa = PBXFileReference; fileEncoding = 4; lastKnownFileType = sourcecode.c.h; path = glogger_Prefix.pch; sourceTree = "<group>"; };
		28AD735F0D9D9599002E5188 /* MainWindow.xib */ = {isa = PBXFileReference; lastKnownFileType = file.xib; path = MainWindow.xib; sourceTree = "<group>"; };
		29B97316FDCFA39411CA2CEA /* main.m */ = {isa = PBXFileReference; fileEncoding = 4; lastKnownFileType = sourcecode.c.objc; path = main.m; sourceTree = "<group>"; };
		4238139712130E8300C19B17 /* ASIProgressDelegate.h */ = {isa = PBXFileReference; fileEncoding = 4; lastKnownFileType = sourcecode.c.h; name = ASIProgressDelegate.h; path = "../../../thirdParty/asi-http-request/Classes/ASIProgressDelegate.h"; sourceTree = SOURCE_ROOT; };
		4238139812130E8300C19B17 /* ASINetworkQueue.m */ = {isa = PBXFileReference; fileEncoding = 4; lastKnownFileType = sourcecode.c.objc; name = ASINetworkQueue.m; path = "../../../thirdParty/asi-http-request/Classes/ASINetworkQueue.m"; sourceTree = SOURCE_ROOT; };
		4238139912130E8300C19B17 /* ASINetworkQueue.h */ = {isa = PBXFileReference; fileEncoding = 4; lastKnownFileType = sourcecode.c.h; name = ASINetworkQueue.h; path = "../../../thirdParty/asi-http-request/Classes/ASINetworkQueue.h"; sourceTree = SOURCE_ROOT; };
		4238139A12130E8300C19B17 /* ASIInputStream.m */ = {isa = PBXFileReference; fileEncoding = 4; lastKnownFileType = sourcecode.c.objc; name = ASIInputStream.m; path = "../../../thirdParty/asi-http-request/Classes/ASIInputStream.m"; sourceTree = SOURCE_ROOT; };
		4238139B12130E8300C19B17 /* ASIInputStream.h */ = {isa = PBXFileReference; fileEncoding = 4; lastKnownFileType = sourcecode.c.h; name = ASIInputStream.h; path = "../../../thirdParty/asi-http-request/Classes/ASIInputStream.h"; sourceTree = SOURCE_ROOT; };
		4238139C12130E8300C19B17 /* ASIHTTPRequestDelegate.h */ = {isa = PBXFileReference; fileEncoding = 4; lastKnownFileType = sourcecode.c.h; name = ASIHTTPRequestDelegate.h; path = "../../../thirdParty/asi-http-request/Classes/ASIHTTPRequestDelegate.h"; sourceTree = SOURCE_ROOT; };
		4238139D12130E8300C19B17 /* ASIHTTPRequestConfig.h */ = {isa = PBXFileReference; fileEncoding = 4; lastKnownFileType = sourcecode.c.h; name = ASIHTTPRequestConfig.h; path = "../../../thirdParty/asi-http-request/Classes/ASIHTTPRequestConfig.h"; sourceTree = SOURCE_ROOT; };
		4238139E12130E8300C19B17 /* ASIHTTPRequest.m */ = {isa = PBXFileReference; fileEncoding = 4; lastKnownFileType = sourcecode.c.objc; name = ASIHTTPRequest.m; path = "../../../thirdParty/asi-http-request/Classes/ASIHTTPRequest.m"; sourceTree = SOURCE_ROOT; };
		4238139F12130E8300C19B17 /* ASIHTTPRequest.h */ = {isa = PBXFileReference; fileEncoding = 4; lastKnownFileType = sourcecode.c.h; name = ASIHTTPRequest.h; path = "../../../thirdParty/asi-http-request/Classes/ASIHTTPRequest.h"; sourceTree = SOURCE_ROOT; };
		423813A012130E8300C19B17 /* ASIFormDataRequest.m */ = {isa = PBXFileReference; fileEncoding = 4; lastKnownFileType = sourcecode.c.objc; name = ASIFormDataRequest.m; path = "../../../thirdParty/asi-http-request/Classes/ASIFormDataRequest.m"; sourceTree = SOURCE_ROOT; };
		423813A112130E8300C19B17 /* ASIFormDataRequest.h */ = {isa = PBXFileReference; fileEncoding = 4; lastKnownFileType = sourcecode.c.h; name = ASIFormDataRequest.h; path = "../../../thirdParty/asi-http-request/Classes/ASIFormDataRequest.h"; sourceTree = SOURCE_ROOT; };
		423813A212130E8300C19B17 /* ASIDownloadCache.m */ = {isa = PBXFileReference; fileEncoding = 4; lastKnownFileType = sourcecode.c.objc; name = ASIDownloadCache.m; path = "../../../thirdParty/asi-http-request/Classes/ASIDownloadCache.m"; sourceTree = SOURCE_ROOT; };
		423813A312130E8300C19B17 /* ASIDownloadCache.h */ = {isa = PBXFileReference; fileEncoding = 4; lastKnownFileType = sourcecode.c.h; name = ASIDownloadCache.h; path = "../../../thirdParty/asi-http-request/Classes/ASIDownloadCache.h"; sourceTree = SOURCE_ROOT; };
		423813A412130E8300C19B17 /* ASICacheDelegate.h */ = {isa = PBXFileReference; fileEncoding = 4; lastKnownFileType = sourcecode.c.h; name = ASICacheDelegate.h; path = "../../../thirdParty/asi-http-request/Classes/ASICacheDelegate.h"; sourceTree = SOURCE_ROOT; };
		423813A512130E8300C19B17 /* ASIAuthenticationDialog.m */ = {isa = PBXFileReference; fileEncoding = 4; lastKnownFileType = sourcecode.c.objc; name = ASIAuthenticationDialog.m; path = "../../../thirdParty/asi-http-request/Classes/ASIAuthenticationDialog.m"; sourceTree = SOURCE_ROOT; };
		423813A612130E8300C19B17 /* ASIAuthenticationDialog.h */ = {isa = PBXFileReference; fileEncoding = 4; lastKnownFileType = sourcecode.c.h; name = ASIAuthenticationDialog.h; path = "../../../thirdParty/asi-http-request/Classes/ASIAuthenticationDialog.h"; sourceTree = SOURCE_ROOT; };
		423813B012130ECA00C19B17 /* Reachability.m */ = {isa = PBXFileReference; fileEncoding = 4; lastKnownFileType = sourcecode.c.objc; name = Reachability.m; path = "../../../thirdParty/asi-http-request/External/Reachability/Reachability.m"; sourceTree = SOURCE_ROOT; };
		423813B112130ECA00C19B17 /* Reachability.h */ = {isa = PBXFileReference; fileEncoding = 4; lastKnownFileType = sourcecode.c.h; name = Reachability.h; path = "../../../thirdParty/asi-http-request/External/Reachability/Reachability.h"; sourceTree = SOURCE_ROOT; };
		423813B512130EEC00C19B17 /* CFNetwork.framework */ = {isa = PBXFileReference; lastKnownFileType = wrapper.framework; name = CFNetwork.framework; path = System/Library/Frameworks/CFNetwork.framework; sourceTree = SDKROOT; };
		423813B712130EEC00C19B17 /* SystemConfiguration.framework */ = {isa = PBXFileReference; lastKnownFileType = wrapper.framework; name = SystemConfiguration.framework; path = System/Library/Frameworks/SystemConfiguration.framework; sourceTree = SDKROOT; };
		423813BF12130F2600C19B17 /* libz.1.2.3.dylib */ = {isa = PBXFileReference; lastKnownFileType = "compiled.mach-o.dylib"; name = libz.1.2.3.dylib; path = usr/lib/libz.1.2.3.dylib; sourceTree = SDKROOT; };
		423813C312130FA900C19B17 /* MobileCoreServices.framework */ = {isa = PBXFileReference; lastKnownFileType = wrapper.framework; name = MobileCoreServices.framework; path = System/Library/Frameworks/MobileCoreServices.framework; sourceTree = SDKROOT; };
		423CE3221209C7A40024586D /* nnShortSound.m */ = {isa = PBXFileReference; fileEncoding = 4; lastKnownFileType = sourcecode.c.objc; name = nnShortSound.m; path = ../nnLib/nnShortSound.m; sourceTree = SOURCE_ROOT; };
		423CE3231209C7A40024586D /* nnShortSound.h */ = {isa = PBXFileReference; fileEncoding = 4; lastKnownFileType = sourcecode.c.h; name = nnShortSound.h; path = ../nnLib/nnShortSound.h; sourceTree = SOURCE_ROOT; };
		423CE3401209C8FA0024586D /* record_start.aiff */ = {isa = PBXFileReference; lastKnownFileType = audio.aiff; name = record_start.aiff; path = media/record_start.aiff; sourceTree = "<group>"; };
		423CE3411209C8FA0024586D /* record_end.aiff */ = {isa = PBXFileReference; lastKnownFileType = audio.aiff; name = record_end.aiff; path = media/record_end.aiff; sourceTree = "<group>"; };
		423CE35E1209C9820024586D /* CoreAudio.framework */ = {isa = PBXFileReference; lastKnownFileType = wrapper.framework; name = CoreAudio.framework; path = System/Library/Frameworks/CoreAudio.framework; sourceTree = SDKROOT; };
		423CE3641209C99B0024586D /* AudioToolbox.framework */ = {isa = PBXFileReference; lastKnownFileType = wrapper.framework; name = AudioToolbox.framework; path = System/Library/Frameworks/AudioToolbox.framework; sourceTree = SDKROOT; };
		427F4A9C1203AE6900153B28 /* MessageUI.framework */ = {isa = PBXFileReference; lastKnownFileType = wrapper.framework; name = MessageUI.framework; path = System/Library/Frameworks/MessageUI.framework; sourceTree = SDKROOT; };
		427F4BD31203D98800153B28 /* icon.png */ = {isa = PBXFileReference; lastKnownFileType = image.png; path = icon.png; sourceTree = "<group>"; };
		427F4CE71204CCC600153B28 /* glogger 4.xcdatamodel */ = {isa = PBXFileReference; lastKnownFileType = wrapper.xcdatamodel; path = "glogger 4.xcdatamodel"; sourceTree = "<group>"; };
		427F4DEF12088D6800153B28 /* nnStatusIndicator.m */ = {isa = PBXFileReference; fileEncoding = 4; lastKnownFileType = sourcecode.c.objc; name = nnStatusIndicator.m; path = ../nnLib/nnStatusIndicator.m; sourceTree = SOURCE_ROOT; };
		427F4DF012088D6800153B28 /* nnStatusIndicator.h */ = {isa = PBXFileReference; fileEncoding = 4; lastKnownFileType = sourcecode.c.h; name = nnStatusIndicator.h; path = ../nnLib/nnStatusIndicator.h; sourceTree = SOURCE_ROOT; };
		427F4E4E1208911200153B28 /* indicator_yellow.png */ = {isa = PBXFileReference; lastKnownFileType = image.png; name = indicator_yellow.png; path = ../nnLib/media/indicator_yellow.png; sourceTree = SOURCE_ROOT; };
		427F4E4F1208911200153B28 /* indicator_bad.png */ = {isa = PBXFileReference; lastKnownFileType = image.png; name = indicator_bad.png; path = ../nnLib/media/indicator_bad.png; sourceTree = SOURCE_ROOT; };
		427F4E501208911200153B28 /* indicator_good.png */ = {isa = PBXFileReference; lastKnownFileType = image.png; name = indicator_good.png; path = ../nnLib/media/indicator_good.png; sourceTree = SOURCE_ROOT; };
		427F4EBC1208CC3100153B28 /* glogger 5.xcdatamodel */ = {isa = PBXFileReference; lastKnownFileType = wrapper.xcdatamodel; path = "glogger 5.xcdatamodel"; sourceTree = "<group>"; };
		42AE81CE12132E210052A86C /* SBJsonWriter.m */ = {isa = PBXFileReference; fileEncoding = 4; lastKnownFileType = sourcecode.c.objc; name = SBJsonWriter.m; path = "../../../thirdParty/json-framework/Classes/SBJsonWriter.m"; sourceTree = SOURCE_ROOT; };
		42AE81CF12132E210052A86C /* SBJsonWriter.h */ = {isa = PBXFileReference; fileEncoding = 4; lastKnownFileType = sourcecode.c.h; name = SBJsonWriter.h; path = "../../../thirdParty/json-framework/Classes/SBJsonWriter.h"; sourceTree = SOURCE_ROOT; };
		42AE81D012132E210052A86C /* SBJsonParser.m */ = {isa = PBXFileReference; fileEncoding = 4; lastKnownFileType = sourcecode.c.objc; name = SBJsonParser.m; path = "../../../thirdParty/json-framework/Classes/SBJsonParser.m"; sourceTree = SOURCE_ROOT; };
		42AE81D112132E210052A86C /* SBJsonParser.h */ = {isa = PBXFileReference; fileEncoding = 4; lastKnownFileType = sourcecode.c.h; name = SBJsonParser.h; path = "../../../thirdParty/json-framework/Classes/SBJsonParser.h"; sourceTree = SOURCE_ROOT; };
		42AE81D212132E210052A86C /* SBJsonBase.m */ = {isa = PBXFileReference; fileEncoding = 4; lastKnownFileType = sourcecode.c.objc; name = SBJsonBase.m; path = "../../../thirdParty/json-framework/Classes/SBJsonBase.m"; sourceTree = SOURCE_ROOT; };
		42AE81D312132E210052A86C /* SBJsonBase.h */ = {isa = PBXFileReference; fileEncoding = 4; lastKnownFileType = sourcecode.c.h; name = SBJsonBase.h; path = "../../../thirdParty/json-framework/Classes/SBJsonBase.h"; sourceTree = SOURCE_ROOT; };
		42AE81D412132E210052A86C /* NSString+SBJSON.m */ = {isa = PBXFileReference; fileEncoding = 4; lastKnownFileType = sourcecode.c.objc; name = "NSString+SBJSON.m"; path = "../../../thirdParty/json-framework/Classes/NSString+SBJSON.m"; sourceTree = SOURCE_ROOT; };
		42AE81D512132E210052A86C /* NSString+SBJSON.h */ = {isa = PBXFileReference; fileEncoding = 4; lastKnownFileType = sourcecode.c.h; name = "NSString+SBJSON.h"; path = "../../../thirdParty/json-framework/Classes/NSString+SBJSON.h"; sourceTree = SOURCE_ROOT; };
		42AE81D612132E210052A86C /* NSObject+SBJSON.m */ = {isa = PBXFileReference; fileEncoding = 4; lastKnownFileType = sourcecode.c.objc; name = "NSObject+SBJSON.m"; path = "../../../thirdParty/json-framework/Classes/NSObject+SBJSON.m"; sourceTree = SOURCE_ROOT; };
		42AE81D712132E210052A86C /* NSObject+SBJSON.h */ = {isa = PBXFileReference; fileEncoding = 4; lastKnownFileType = sourcecode.c.h; name = "NSObject+SBJSON.h"; path = "../../../thirdParty/json-framework/Classes/NSObject+SBJSON.h"; sourceTree = SOURCE_ROOT; };
		42AE81D812132E210052A86C /* JSON.h */ = {isa = PBXFileReference; fileEncoding = 4; lastKnownFileType = sourcecode.c.h; name = JSON.h; path = "../../../thirdParty/json-framework/Classes/JSON.h"; sourceTree = SOURCE_ROOT; };
		42AE83AD1214928C0052A86C /* SettingsViewController.xib */ = {isa = PBXFileReference; lastKnownFileType = file.xib; name = SettingsViewController.xib; path = Classes/SettingsViewController.xib; sourceTree = "<group>"; };
		42AE84B312159B1C0052A86C /* nnLoginSettingsViewController.h */ = {isa = PBXFileReference; fileEncoding = 4; lastKnownFileType = sourcecode.c.h; lineEnding = 0; name = nnLoginSettingsViewController.h; path = ../nnLib/nnLoginSettingsViewController.h; sourceTree = SOURCE_ROOT; xcLanguageSpecificationIdentifier = xcode.lang.objcpp; };
		42AE84B412159B1C0052A86C /* nnLoginSettingsViewController.m */ = {isa = PBXFileReference; fileEncoding = 4; lastKnownFileType = sourcecode.c.objc; lineEnding = 0; name = nnLoginSettingsViewController.m; path = ../nnLib/nnLoginSettingsViewController.m; sourceTree = SOURCE_ROOT; xcLanguageSpecificationIdentifier = xcode.lang.objc; };
		42AE84B612159B710052A86C /* SettingsViewController.h */ = {isa = PBXFileReference; fileEncoding = 4; lastKnownFileType = sourcecode.c.h; lineEnding = 0; path = SettingsViewController.h; sourceTree = "<group>"; xcLanguageSpecificationIdentifier = xcode.lang.objcpp; };
		42AE84B712159B710052A86C /* SettingsViewController.m */ = {isa = PBXFileReference; fileEncoding = 4; lastKnownFileType = sourcecode.c.objc; lineEnding = 0; path = SettingsViewController.m; sourceTree = "<group>"; xcLanguageSpecificationIdentifier = xcode.lang.objc; };
		42AE86121215F45E0052A86C /* glogger 6.xcdatamodel */ = {isa = PBXFileReference; lastKnownFileType = wrapper.xcdatamodel; path = "glogger 6.xcdatamodel"; sourceTree = "<group>"; };
		42AE875312160A7E0052A86C /* ping.aiff */ = {isa = PBXFileReference; lastKnownFileType = audio.aiff; name = ping.aiff; path = media/ping.aiff; sourceTree = "<group>"; };
		42AE878B121983100052A86C /* nnDVBoolUISwitch.h */ = {isa = PBXFileReference; fileEncoding = 4; lineEnding = 0; path = nnDVBoolUISwitch.h; sourceTree = "<group>"; xcLanguageSpecificationIdentifier = xcode.lang.objcpp; };
		42AE878C121983100052A86C /* nnDVBoolUISwitch.m */ = {isa = PBXFileReference; fileEncoding = 4; lastKnownFileType = sourcecode.c.objc; lineEnding = 0; path = nnDVBoolUISwitch.m; sourceTree = "<group>"; xcLanguageSpecificationIdentifier = xcode.lang.objc; };
		42C0145D12F4D7A600C0F7C8 /* nnDVStringUIText.h */ = {isa = PBXFileReference; fileEncoding = 4; lineEnding = 0; path = nnDVStringUIText.h; sourceTree = "<group>"; xcLanguageSpecificationIdentifier = xcode.lang.objcpp; };
		42C0145E12F4D7A600C0F7C8 /* nnDVStringUIText.m */ = {isa = PBXFileReference; fileEncoding = 4; lastKnownFileType = sourcecode.c.objc; lineEnding = 0; path = nnDVStringUIText.m; sourceTree = "<group>"; xcLanguageSpecificationIdentifier = xcode.lang.objc; };
		42C0146012F5A9BE00C0F7C8 /* nnDVDoubleUISlider.h */ = {isa = PBXFileReference; fileEncoding = 4; lineEnding = 0; path = nnDVDoubleUISlider.h; sourceTree = "<group>"; xcLanguageSpecificationIdentifier = xcode.lang.objcpp; };
		42C0146112F5A9BE00C0F7C8 /* nnDVDoubleUISlider.m */ = {isa = PBXFileReference; fileEncoding = 4; lastKnownFileType = sourcecode.c.objc; lineEnding = 0; path = nnDVDoubleUISlider.m; sourceTree = "<group>"; xcLanguageSpecificationIdentifier = xcode.lang.objc; };
		42E12157129978FA00FD11F9 /* TODO.txt */ = {isa = PBXFileReference; fileEncoding = 4; lastKnownFileType = text; path = TODO.txt; sourceTree = "<group>"; };
		42F14707121D649C0039EDE0 /* nnHTTPService.m */ = {isa = PBXFileReference; fileEncoding = 4; lastKnownFileType = sourcecode.c.objc; name = nnHTTPService.m; path = ../nnLib/nnHTTPService.m; sourceTree = SOURCE_ROOT; };
		42F14708121D649C0039EDE0 /* nnHTTPService.h */ = {isa = PBXFileReference; fileEncoding = 4; lastKnownFileType = sourcecode.c.h; name = nnHTTPService.h; path = ../nnLib/nnHTTPService.h; sourceTree = SOURCE_ROOT; };
		42F1470E121D65AA0039EDE0 /* RideHttpService.h */ = {isa = PBXFileReference; fileEncoding = 4; lastKnownFileType = sourcecode.c.h; path = RideHttpService.h; sourceTree = "<group>"; };
		42F1470F121D65AA0039EDE0 /* RideHttpService.m */ = {isa = PBXFileReference; fileEncoding = 4; lastKnownFileType = sourcecode.c.objc; path = RideHttpService.m; sourceTree = "<group>"; };
		42F149E0121F39610039EDE0 /* RideListController.m */ = {isa = PBXFileReference; fileEncoding = 4; lastKnownFileType = sourcecode.c.objc; path = RideListController.m; sourceTree = "<group>"; };
		42F149E1121F39610039EDE0 /* RideListController.h */ = {isa = PBXFileReference; fileEncoding = 4; lastKnownFileType = sourcecode.c.h; path = RideListController.h; sourceTree = "<group>"; };
		42F149E3121F39760039EDE0 /* RideListController.xib */ = {isa = PBXFileReference; lastKnownFileType = file.xib; path = RideListController.xib; sourceTree = "<group>"; };
		42F14A67121F3B8F0039EDE0 /* StartViewController.h */ = {isa = PBXFileReference; fileEncoding = 4; lastKnownFileType = sourcecode.c.h; path = StartViewController.h; sourceTree = "<group>"; };
		42F14A68121F3B8F0039EDE0 /* StartViewController.m */ = {isa = PBXFileReference; fileEncoding = 4; lastKnownFileType = sourcecode.c.objc; path = StartViewController.m; sourceTree = "<group>"; };
		42F14A69121F3B8F0039EDE0 /* StartViewController.xib */ = {isa = PBXFileReference; lastKnownFileType = file.xib; name = StartViewController.xib; path = Classes/StartViewController.xib; sourceTree = "<group>"; };
		42F14DE8121FA03D0039EDE0 /* LiveRecordingViewController.h */ = {isa = PBXFileReference; fileEncoding = 4; lastKnownFileType = sourcecode.c.h; lineEnding = 0; path = LiveRecordingViewController.h; sourceTree = "<group>"; xcLanguageSpecificationIdentifier = xcode.lang.objcpp; };
		42F14DE9121FA03D0039EDE0 /* LiveRecordingViewController.m */ = {isa = PBXFileReference; fileEncoding = 4; lastKnownFileType = sourcecode.c.objc; path = LiveRecordingViewController.m; sourceTree = "<group>"; };
		42F14DEA121FA03D0039EDE0 /* LiveRecordingViewController.xib */ = {isa = PBXFileReference; lastKnownFileType = file.xib; name = LiveRecordingViewController.xib; path = Classes/LiveRecordingViewController.xib; sourceTree = "<group>"; };
		42F14F8C1221A8890039EDE0 /* nnSmoother.h */ = {isa = PBXFileReference; fileEncoding = 4; lastKnownFileType = sourcecode.c.h; name = nnSmoother.h; path = ../nnLib/nnSmoother.h; sourceTree = SOURCE_ROOT; };
		42F14F8D1221A8890039EDE0 /* nnSmoother.m */ = {isa = PBXFileReference; fileEncoding = 4; lastKnownFileType = sourcecode.c.objc; name = nnSmoother.m; path = ../nnLib/nnSmoother.m; sourceTree = SOURCE_ROOT; };
		42F1532C12255A620039EDE0 /* RecordingManager.h */ = {isa = PBXFileReference; fileEncoding = 4; lastKnownFileType = sourcecode.c.h; lineEnding = 0; path = RecordingManager.h; sourceTree = "<group>"; xcLanguageSpecificationIdentifier = xcode.lang.objcpp; };
		42F1532D12255A620039EDE0 /* RecordingManager.m */ = {isa = PBXFileReference; fileEncoding = 4; lastKnownFileType = sourcecode.c.objc; lineEnding = 0; path = RecordingManager.m; sourceTree = "<group>"; xcLanguageSpecificationIdentifier = xcode.lang.objc; };
		42F57F6A11FF901E00D863E6 /* northNitch.h */ = {isa = PBXFileReference; fileEncoding = 4; lastKnownFileType = sourcecode.c.h; name = northNitch.h; path = ../nnLib/northNitch.h; sourceTree = SOURCE_ROOT; };
		42F57F6B11FF901E00D863E6 /* northNitch.m */ = {isa = PBXFileReference; fileEncoding = 4; lastKnownFileType = sourcecode.c.objc; name = northNitch.m; path = ../nnLib/northNitch.m; sourceTree = SOURCE_ROOT; };
		42F57F6F11FF904200D863E6 /* nnPreferenceManager.h */ = {isa = PBXFileReference; fileEncoding = 4; lastKnownFileType = sourcecode.c.h; lineEnding = 0; name = nnPreferenceManager.h; path = ../nnLib/nnPreferenceManager.h; sourceTree = SOURCE_ROOT; xcLanguageSpecificationIdentifier = xcode.lang.objcpp; };
		42F57F7011FF904200D863E6 /* nnPreferenceManager.m */ = {isa = PBXFileReference; fileEncoding = 4; lastKnownFileType = sourcecode.c.objc; name = nnPreferenceManager.m; path = ../nnLib/nnPreferenceManager.m; sourceTree = SOURCE_ROOT; };
		42F57F7111FF904200D863E6 /* nnDVStoreProtocol.h */ = {isa = PBXFileReference; fileEncoding = 4; lastKnownFileType = sourcecode.c.h; name = nnDVStoreProtocol.h; path = ../nnLib/nnDVStoreProtocol.h; sourceTree = SOURCE_ROOT; };
		42F5810012007CF900D863E6 /* Glogger.h */ = {isa = PBXFileReference; fileEncoding = 4; lastKnownFileType = sourcecode.c.h; path = Glogger.h; sourceTree = "<group>"; };
		42F5810112007CF900D863E6 /* Glogger.m */ = {isa = PBXFileReference; fileEncoding = 4; lastKnownFileType = sourcecode.c.objc; path = Glogger.m; sourceTree = "<group>"; };
		42F58139120085B600D863E6 /* nnCoreDataTableViewController.h */ = {isa = PBXFileReference; fileEncoding = 4; lastKnownFileType = sourcecode.c.h; name = nnCoreDataTableViewController.h; path = ../nnLib/nnCoreDataTableViewController.h; sourceTree = SOURCE_ROOT; };
		42F5813A120085B600D863E6 /* nnCoreDataTableViewController.m */ = {isa = PBXFileReference; fileEncoding = 4; lastKnownFileType = sourcecode.c.objc; name = nnCoreDataTableViewController.m; path = ../nnLib/nnCoreDataTableViewController.m; sourceTree = SOURCE_ROOT; };
		42F5813C120085CC00D863E6 /* nnCoreDataManager.h */ = {isa = PBXFileReference; fileEncoding = 4; lastKnownFileType = sourcecode.c.h; name = nnCoreDataManager.h; path = ../nnLib/nnCoreDataManager.h; sourceTree = SOURCE_ROOT; };
		42F5813D120085CC00D863E6 /* nnCoreDataManager.m */ = {isa = PBXFileReference; fileEncoding = 4; lastKnownFileType = sourcecode.c.objc; name = nnCoreDataManager.m; path = ../nnLib/nnCoreDataManager.m; sourceTree = SOURCE_ROOT; };
		42F5815C12008C1F00D863E6 /* nnCounterTableViewCell.h */ = {isa = PBXFileReference; fileEncoding = 4; lastKnownFileType = sourcecode.c.h; name = nnCounterTableViewCell.h; path = ../nnLib/nnCounterTableViewCell.h; sourceTree = SOURCE_ROOT; };
		42F5815D12008C1F00D863E6 /* nnCounterTableViewCell.m */ = {isa = PBXFileReference; fileEncoding = 4; lastKnownFileType = sourcecode.c.objc; name = nnCounterTableViewCell.m; path = ../nnLib/nnCounterTableViewCell.m; sourceTree = SOURCE_ROOT; };
		42F5815E12008C1F00D863E6 /* nnCustomTableViewCell.h */ = {isa = PBXFileReference; fileEncoding = 4; lastKnownFileType = sourcecode.c.h; name = nnCustomTableViewCell.h; path = ../nnLib/nnCustomTableViewCell.h; sourceTree = SOURCE_ROOT; };
		42F5815F12008C1F00D863E6 /* nnCustomTableViewCell.m */ = {isa = PBXFileReference; fileEncoding = 4; lastKnownFileType = sourcecode.c.objc; name = nnCustomTableViewCell.m; path = ../nnLib/nnCustomTableViewCell.m; sourceTree = SOURCE_ROOT; };
		42F5828212009A9200D863E6 /* RecordingMapViewController.h */ = {isa = PBXFileReference; fileEncoding = 4; lastKnownFileType = sourcecode.c.h; path = RecordingMapViewController.h; sourceTree = "<group>"; };
		42F5828312009A9200D863E6 /* RecordingMapViewController.m */ = {isa = PBXFileReference; fileEncoding = 4; lastKnownFileType = sourcecode.c.objc; path = RecordingMapViewController.m; sourceTree = "<group>"; };
		42F5828412009A9200D863E6 /* RecordingMapViewController.xib */ = {isa = PBXFileReference; lastKnownFileType = file.xib; name = RecordingMapViewController.xib; path = Classes/RecordingMapViewController.xib; sourceTree = "<group>"; };
		42F5830E12009FEA00D863E6 /* MapKit.framework */ = {isa = PBXFileReference; lastKnownFileType = wrapper.framework; name = MapKit.framework; path = System/Library/Frameworks/MapKit.framework; sourceTree = SDKROOT; };
		42F583421200A44400D863E6 /* CoreLocation.framework */ = {isa = PBXFileReference; lastKnownFileType = wrapper.framework; name = CoreLocation.framework; path = System/Library/Frameworks/CoreLocation.framework; sourceTree = SDKROOT; };
		42F5842F1200CEEA00D863E6 /* CustomTableCell.xib */ = {isa = PBXFileReference; lastKnownFileType = file.xib; path = CustomTableCell.xib; sourceTree = "<group>"; };
		42F9ACA21200E10D00381E71 /* Recording.h */ = {isa = PBXFileReference; fileEncoding = 4; lastKnownFileType = sourcecode.c.h; path = Recording.h; sourceTree = "<group>"; };
		42F9ACA31200E10D00381E71 /* Recording.m */ = {isa = PBXFileReference; fileEncoding = 4; lastKnownFileType = sourcecode.c.objc; path = Recording.m; sourceTree = "<group>"; };
		42F9ACAB1200E16C00381E71 /* RecordItem.h */ = {isa = PBXFileReference; fileEncoding = 4; lastKnownFileType = sourcecode.c.h; path = RecordItem.h; sourceTree = "<group>"; };
		42F9ACAC1200E16C00381E71 /* RecordItem.m */ = {isa = PBXFileReference; fileEncoding = 4; lastKnownFileType = sourcecode.c.objc; path = RecordItem.m; sourceTree = "<group>"; };
		42F9AD4A1201261100381E71 /* TimeBasedView.h */ = {isa = PBXFileReference; fileEncoding = 4; lastKnownFileType = sourcecode.c.h; path = TimeBasedView.h; sourceTree = "<group>"; };
		42F9AD4B1201261100381E71 /* TimeBasedView.m */ = {isa = PBXFileReference; fileEncoding = 4; lastKnownFileType = sourcecode.c.objc; path = TimeBasedView.m; sourceTree = "<group>"; };
		42F9AD581201262B00381E71 /* nnScrollingCGView.h */ = {isa = PBXFileReference; fileEncoding = 4; lastKnownFileType = sourcecode.c.h; name = nnScrollingCGView.h; path = ../nnLib/nnScrollingCGView.h; sourceTree = SOURCE_ROOT; };
		42F9AD591201262B00381E71 /* nnScrollingCGView.m */ = {isa = PBXFileReference; fileEncoding = 4; lastKnownFileType = sourcecode.c.objc; name = nnScrollingCGView.m; path = ../nnLib/nnScrollingCGView.m; sourceTree = SOURCE_ROOT; };
		42F9AD7D1201276400381E71 /* glogger 2.xcdatamodel */ = {isa = PBXFileReference; lastKnownFileType = wrapper.xcdatamodel; path = "glogger 2.xcdatamodel"; sourceTree = "<group>"; };
		42F9B065120230F200381E71 /* glogger 3.xcdatamodel */ = {isa = PBXFileReference; lastKnownFileType = wrapper.xcdatamodel; path = "glogger 3.xcdatamodel"; sourceTree = "<group>"; };
		42F9B079120235C300381E71 /* elevation_off.png */ = {isa = PBXFileReference; lastKnownFileType = image.png; name = elevation_off.png; path = media/elevation_off.png; sourceTree = "<group>"; };
		42F9B07A120235C300381E71 /* elevation_on.png */ = {isa = PBXFileReference; lastKnownFileType = image.png; name = elevation_on.png; path = media/elevation_on.png; sourceTree = "<group>"; };
		42F9B14E12023B4600381E71 /* distance_off.png */ = {isa = PBXFileReference; lastKnownFileType = image.png; name = distance_off.png; path = media/distance_off.png; sourceTree = "<group>"; };
		42F9B14F12023B4600381E71 /* distance_on.png */ = {isa = PBXFileReference; lastKnownFileType = image.png; name = distance_on.png; path = media/distance_on.png; sourceTree = "<group>"; };
		42F9B15012023B4600381E71 /* gradient_off.png */ = {isa = PBXFileReference; lastKnownFileType = image.png; name = gradient_off.png; path = media/gradient_off.png; sourceTree = "<group>"; };
		42F9B15112023B4600381E71 /* gradient_on.png */ = {isa = PBXFileReference; lastKnownFileType = image.png; name = gradient_on.png; path = media/gradient_on.png; sourceTree = "<group>"; };
		42F9B15212023B4600381E71 /* speed_off.png */ = {isa = PBXFileReference; lastKnownFileType = image.png; name = speed_off.png; path = media/speed_off.png; sourceTree = "<group>"; };
		42F9B15312023B4600381E71 /* speed_on.png */ = {isa = PBXFileReference; lastKnownFileType = image.png; name = speed_on.png; path = media/speed_on.png; sourceTree = "<group>"; };
		42F9B35012025F7900381E71 /* nnImageToggleButton.h */ = {isa = PBXFileReference; fileEncoding = 4; lastKnownFileType = sourcecode.c.h; name = nnImageToggleButton.h; path = ../nnLib/nnImageToggleButton.h; sourceTree = SOURCE_ROOT; };
		42F9B35112025F7900381E71 /* nnImageToggleButton.m */ = {isa = PBXFileReference; fileEncoding = 4; lastKnownFileType = sourcecode.c.objc; name = nnImageToggleButton.m; path = ../nnLib/nnImageToggleButton.m; sourceTree = SOURCE_ROOT; };
		8D1107310486CEB800E47090 /* glogger-Info.plist */ = {isa = PBXFileReference; fileEncoding = 4; lastKnownFileType = text.plist.xml; path = "glogger-Info.plist"; plistStructureDefinitionIdentifier = "com.apple.xcode.plist.structure-definition.iphone.info-plist"; sourceTree = "<group>"; };
/* End PBXFileReference section */

/* Begin PBXFrameworksBuildPhase section */
		1D60588F0D05DD3D006BFB54 /* Frameworks */ = {
			isa = PBXFrameworksBuildPhase;
			buildActionMask = 2147483647;
			files = (
				1D60589F0D05DD5A006BFB54 /* Foundation.framework in Frameworks */,
				1DF5F4E00D08C38300B7A737 /* UIKit.framework in Frameworks */,
				2892E4100DC94CBA00A64D0F /* CoreGraphics.framework in Frameworks */,
				28860BE50F44EE6400985440 /* CoreData.framework in Frameworks */,
				42F5830F12009FEA00D863E6 /* MapKit.framework in Frameworks */,
				42F583431200A44400D863E6 /* CoreLocation.framework in Frameworks */,
				427F4A9D1203AE6900153B28 /* MessageUI.framework in Frameworks */,
				423CE35F1209C9820024586D /* CoreAudio.framework in Frameworks */,
				423CE3651209C99B0024586D /* AudioToolbox.framework in Frameworks */,
				423813B612130EEC00C19B17 /* CFNetwork.framework in Frameworks */,
				423813B812130EEC00C19B17 /* SystemConfiguration.framework in Frameworks */,
				423813C012130F2600C19B17 /* libz.1.2.3.dylib in Frameworks */,
				423813C412130FA900C19B17 /* MobileCoreServices.framework in Frameworks */,
			);
			runOnlyForDeploymentPostprocessing = 0;
		};
/* End PBXFrameworksBuildPhase section */

/* Begin PBXGroup section */
		080E96DDFE201D6D7F000001 /* Classes */ = {
			isa = PBXGroup;
			children = (
				42F149E0121F39610039EDE0 /* RideListController.m */,
				42F149E1121F39610039EDE0 /* RideListController.h */,
				1D3623240D0F684500981E51 /* gloggerAppDelegate.h */,
				1D3623250D0F684500981E51 /* gloggerAppDelegate.m */,
				42F5828212009A9200D863E6 /* RecordingMapViewController.h */,
				42F5828312009A9200D863E6 /* RecordingMapViewController.m */,
				42F9ACA21200E10D00381E71 /* Recording.h */,
				42F9ACA31200E10D00381E71 /* Recording.m */,
				42F9ACAB1200E16C00381E71 /* RecordItem.h */,
				42F9ACAC1200E16C00381E71 /* RecordItem.m */,
				42F9AD4A1201261100381E71 /* TimeBasedView.h */,
				42F9AD4B1201261100381E71 /* TimeBasedView.m */,
				42AE84B612159B710052A86C /* SettingsViewController.h */,
				42AE84B712159B710052A86C /* SettingsViewController.m */,
				42F1470E121D65AA0039EDE0 /* RideHttpService.h */,
				42F1470F121D65AA0039EDE0 /* RideHttpService.m */,
				42F14A67121F3B8F0039EDE0 /* StartViewController.h */,
				42F14A68121F3B8F0039EDE0 /* StartViewController.m */,
				42F14DE8121FA03D0039EDE0 /* LiveRecordingViewController.h */,
				42F14DE9121FA03D0039EDE0 /* LiveRecordingViewController.m */,
				42F1532C12255A620039EDE0 /* RecordingManager.h */,
				42F1532D12255A620039EDE0 /* RecordingManager.m */,
			);
			path = Classes;
			sourceTree = "<group>";
		};
		19C28FACFE9D520D11CA2CBB /* Products */ = {
			isa = PBXGroup;
			children = (
				1D6058910D05DD3D006BFB54 /* glogger.app */,
			);
			name = Products;
			sourceTree = "<group>";
		};
		29B97314FDCFA39411CA2CEA /* CustomTemplate */ = {
			isa = PBXGroup;
			children = (
				42E12157129978FA00FD11F9 /* TODO.txt */,
				42AE81CD12132DF90052A86C /* JSON */,
				423813AF12130EA900C19B17 /* Reachability */,
				4238139612130E6200C19B17 /* ASIHTTP */,
				42F57F6511FF8FCD00D863E6 /* nnLib */,
				080E96DDFE201D6D7F000001 /* Classes */,
				29B97315FDCFA39411CA2CEA /* Other Sources */,
				29B97317FDCFA39411CA2CEA /* Resources */,
				29B97323FDCFA39411CA2CEA /* Frameworks */,
				19C28FACFE9D520D11CA2CBB /* Products */,
			);
			name = CustomTemplate;
			sourceTree = "<group>";
		};
		29B97315FDCFA39411CA2CEA /* Other Sources */ = {
			isa = PBXGroup;
			children = (
				28A0AAE50D9B0CCF005BE974 /* glogger_Prefix.pch */,
				29B97316FDCFA39411CA2CEA /* main.m */,
				42F5810012007CF900D863E6 /* Glogger.h */,
				42F5810112007CF900D863E6 /* Glogger.m */,
			);
			name = "Other Sources";
			sourceTree = "<group>";
		};
		29B97317FDCFA39411CA2CEA /* Resources */ = {
			isa = PBXGroup;
			children = (
				42F14DEA121FA03D0039EDE0 /* LiveRecordingViewController.xib */,
				42F14A69121F3B8F0039EDE0 /* StartViewController.xib */,
				42F149E3121F39760039EDE0 /* RideListController.xib */,
				423CE33F1209C8E40024586D /* Audio */,
				427F4BD31203D98800153B28 /* icon.png */,
				42F9B078120235B100381E71 /* Images */,
				42F5828412009A9200D863E6 /* RecordingMapViewController.xib */,
				42AE83AD1214928C0052A86C /* SettingsViewController.xib */,
				28D3F201112F7DC200FD0661 /* glogger.xcdatamodeld */,
				28AD735F0D9D9599002E5188 /* MainWindow.xib */,
				8D1107310486CEB800E47090 /* glogger-Info.plist */,
				42F5842F1200CEEA00D863E6 /* CustomTableCell.xib */,
			);
			name = Resources;
			sourceTree = "<group>";
		};
		29B97323FDCFA39411CA2CEA /* Frameworks */ = {
			isa = PBXGroup;
			children = (
				1DF5F4DF0D08C38300B7A737 /* UIKit.framework */,
				1D30AB110D05D00D00671497 /* Foundation.framework */,
				2892E40F0DC94CBA00A64D0F /* CoreGraphics.framework */,
				28860BE40F44EE6400985440 /* CoreData.framework */,
				42F5830E12009FEA00D863E6 /* MapKit.framework */,
				42F583421200A44400D863E6 /* CoreLocation.framework */,
				427F4A9C1203AE6900153B28 /* MessageUI.framework */,
				423CE35E1209C9820024586D /* CoreAudio.framework */,
				423CE3641209C99B0024586D /* AudioToolbox.framework */,
				423813B512130EEC00C19B17 /* CFNetwork.framework */,
				423813B712130EEC00C19B17 /* SystemConfiguration.framework */,
				423813BF12130F2600C19B17 /* libz.1.2.3.dylib */,
				423813C312130FA900C19B17 /* MobileCoreServices.framework */,
			);
			name = Frameworks;
			sourceTree = "<group>";
		};
		4238139612130E6200C19B17 /* ASIHTTP */ = {
			isa = PBXGroup;
			children = (
				4238139712130E8300C19B17 /* ASIProgressDelegate.h */,
				4238139812130E8300C19B17 /* ASINetworkQueue.m */,
				4238139912130E8300C19B17 /* ASINetworkQueue.h */,
				4238139A12130E8300C19B17 /* ASIInputStream.m */,
				4238139B12130E8300C19B17 /* ASIInputStream.h */,
				4238139C12130E8300C19B17 /* ASIHTTPRequestDelegate.h */,
				4238139D12130E8300C19B17 /* ASIHTTPRequestConfig.h */,
				4238139E12130E8300C19B17 /* ASIHTTPRequest.m */,
				4238139F12130E8300C19B17 /* ASIHTTPRequest.h */,
				423813A012130E8300C19B17 /* ASIFormDataRequest.m */,
				423813A112130E8300C19B17 /* ASIFormDataRequest.h */,
				423813A212130E8300C19B17 /* ASIDownloadCache.m */,
				423813A312130E8300C19B17 /* ASIDownloadCache.h */,
				423813A412130E8300C19B17 /* ASICacheDelegate.h */,
				423813A512130E8300C19B17 /* ASIAuthenticationDialog.m */,
				423813A612130E8300C19B17 /* ASIAuthenticationDialog.h */,
			);
			name = ASIHTTP;
			sourceTree = "<group>";
		};
		423813AF12130EA900C19B17 /* Reachability */ = {
			isa = PBXGroup;
			children = (
				423813B012130ECA00C19B17 /* Reachability.m */,
				423813B112130ECA00C19B17 /* Reachability.h */,
			);
			name = Reachability;
			sourceTree = "<group>";
		};
		423CE33F1209C8E40024586D /* Audio */ = {
			isa = PBXGroup;
			children = (
				42AE875312160A7E0052A86C /* ping.aiff */,
				423CE3401209C8FA0024586D /* record_start.aiff */,
				423CE3411209C8FA0024586D /* record_end.aiff */,
			);
			name = Audio;
			sourceTree = "<group>";
		};
		427F4E4D120890FD00153B28 /* media */ = {
			isa = PBXGroup;
			children = (
				427F4E4E1208911200153B28 /* indicator_yellow.png */,
				427F4E4F1208911200153B28 /* indicator_bad.png */,
				427F4E501208911200153B28 /* indicator_good.png */,
			);
			name = media;
			sourceTree = "<group>";
		};
		42AE81CD12132DF90052A86C /* JSON */ = {
			isa = PBXGroup;
			children = (
				42AE81CE12132E210052A86C /* SBJsonWriter.m */,
				42AE81CF12132E210052A86C /* SBJsonWriter.h */,
				42AE81D012132E210052A86C /* SBJsonParser.m */,
				42AE81D112132E210052A86C /* SBJsonParser.h */,
				42AE81D212132E210052A86C /* SBJsonBase.m */,
				42AE81D312132E210052A86C /* SBJsonBase.h */,
				42AE81D412132E210052A86C /* NSString+SBJSON.m */,
				42AE81D512132E210052A86C /* NSString+SBJSON.h */,
				42AE81D612132E210052A86C /* NSObject+SBJSON.m */,
				42AE81D712132E210052A86C /* NSObject+SBJSON.h */,
				42AE81D812132E210052A86C /* JSON.h */,
			);
			name = JSON;
			sourceTree = "<group>";
		};
		42F57F6511FF8FCD00D863E6 /* nnLib */ = {
			isa = PBXGroup;
			children = (
				427F4E4D120890FD00153B28 /* media */,
				42F14F8C1221A8890039EDE0 /* nnSmoother.h */,
				42F14F8D1221A8890039EDE0 /* nnSmoother.m */,
				42F14707121D649C0039EDE0 /* nnHTTPService.m */,
				42F14708121D649C0039EDE0 /* nnHTTPService.h */,
				42AE84B312159B1C0052A86C /* nnLoginSettingsViewController.h */,
				42AE84B412159B1C0052A86C /* nnLoginSettingsViewController.m */,
				423CE3221209C7A40024586D /* nnShortSound.m */,
				423CE3231209C7A40024586D /* nnShortSound.h */,
				427F4DEF12088D6800153B28 /* nnStatusIndicator.m */,
				427F4DF012088D6800153B28 /* nnStatusIndicator.h */,
				42F9B35112025F7900381E71 /* nnImageToggleButton.m */,
				42F9B35012025F7900381E71 /* nnImageToggleButton.h */,
				42F9AD581201262B00381E71 /* nnScrollingCGView.h */,
				42F9AD591201262B00381E71 /* nnScrollingCGView.m */,
				42F5815C12008C1F00D863E6 /* nnCounterTableViewCell.h */,
				42F5815D12008C1F00D863E6 /* nnCounterTableViewCell.m */,
				42F5815E12008C1F00D863E6 /* nnCustomTableViewCell.h */,
				42F5815F12008C1F00D863E6 /* nnCustomTableViewCell.m */,
				42F5813C120085CC00D863E6 /* nnCoreDataManager.h */,
				42F5813D120085CC00D863E6 /* nnCoreDataManager.m */,
				42F58139120085B600D863E6 /* nnCoreDataTableViewController.h */,
				42F5813A120085B600D863E6 /* nnCoreDataTableViewController.m */,
				42F57F6F11FF904200D863E6 /* nnPreferenceManager.h */,
				42F57F7011FF904200D863E6 /* nnPreferenceManager.m */,
				42F57F7111FF904200D863E6 /* nnDVStoreProtocol.h */,
				42F57F6A11FF901E00D863E6 /* northNitch.h */,
				42F57F6B11FF901E00D863E6 /* northNitch.m */,
				42AE878B121983100052A86C /* nnDVBoolUISwitch.h */,
				42AE878C121983100052A86C /* nnDVBoolUISwitch.m */,
				42C0145D12F4D7A600C0F7C8 /* nnDVStringUIText.h */,
				42C0145E12F4D7A600C0F7C8 /* nnDVStringUIText.m */,
				42C0146012F5A9BE00C0F7C8 /* nnDVDoubleUISlider.h */,
				42C0146112F5A9BE00C0F7C8 /* nnDVDoubleUISlider.m */,
			);
			name = nnLib;
			sourceTree = "<group>";
		};
		42F9B078120235B100381E71 /* Images */ = {
			isa = PBXGroup;
			children = (
				42F9B14E12023B4600381E71 /* distance_off.png */,
				42F9B14F12023B4600381E71 /* distance_on.png */,
				42F9B15012023B4600381E71 /* gradient_off.png */,
				42F9B15112023B4600381E71 /* gradient_on.png */,
				42F9B15212023B4600381E71 /* speed_off.png */,
				42F9B15312023B4600381E71 /* speed_on.png */,
				42F9B079120235C300381E71 /* elevation_off.png */,
				42F9B07A120235C300381E71 /* elevation_on.png */,
			);
			name = Images;
			sourceTree = "<group>";
		};
/* End PBXGroup section */

/* Begin PBXNativeTarget section */
		1D6058900D05DD3D006BFB54 /* glogger */ = {
			isa = PBXNativeTarget;
			buildConfigurationList = 1D6058960D05DD3E006BFB54 /* Build configuration list for PBXNativeTarget "glogger" */;
			buildPhases = (
				1D60588D0D05DD3D006BFB54 /* Resources */,
				1D60588E0D05DD3D006BFB54 /* Sources */,
				1D60588F0D05DD3D006BFB54 /* Frameworks */,
			);
			buildRules = (
			);
			dependencies = (
			);
			name = glogger;
			productName = glogger;
			productReference = 1D6058910D05DD3D006BFB54 /* glogger.app */;
			productType = "com.apple.product-type.application";
		};
/* End PBXNativeTarget section */

/* Begin PBXProject section */
		29B97313FDCFA39411CA2CEA /* Project object */ = {
			isa = PBXProject;
			buildConfigurationList = C01FCF4E08A954540054247B /* Build configuration list for PBXProject "glogger" */;
			compatibilityVersion = "Xcode 3.1";
			developmentRegion = English;
			hasScannedForEncodings = 1;
			knownRegions = (
				English,
				Japanese,
				French,
				German,
				en,
			);
			mainGroup = 29B97314FDCFA39411CA2CEA /* CustomTemplate */;
			projectDirPath = "";
			projectRoot = "";
			targets = (
				1D6058900D05DD3D006BFB54 /* glogger */,
			);
		};
/* End PBXProject section */

/* Begin PBXResourcesBuildPhase section */
		1D60588D0D05DD3D006BFB54 /* Resources */ = {
			isa = PBXResourcesBuildPhase;
			buildActionMask = 2147483647;
			files = (
				28AD73600D9D9599002E5188 /* MainWindow.xib in Resources */,
				42F5828612009A9200D863E6 /* RecordingMapViewController.xib in Resources */,
				42F584301200CEEA00D863E6 /* CustomTableCell.xib in Resources */,
				42F9B07B120235C300381E71 /* elevation_off.png in Resources */,
				42F9B07C120235C300381E71 /* elevation_on.png in Resources */,
				42F9B15412023B4600381E71 /* distance_off.png in Resources */,
				42F9B15512023B4600381E71 /* distance_on.png in Resources */,
				42F9B15612023B4600381E71 /* gradient_off.png in Resources */,
				42F9B15712023B4600381E71 /* gradient_on.png in Resources */,
				42F9B15812023B4600381E71 /* speed_off.png in Resources */,
				42F9B15912023B4600381E71 /* speed_on.png in Resources */,
				427F4BD41203D98800153B28 /* icon.png in Resources */,
				427F4E511208911200153B28 /* indicator_yellow.png in Resources */,
				427F4E521208911200153B28 /* indicator_bad.png in Resources */,
				427F4E531208911200153B28 /* indicator_good.png in Resources */,
				423CE3421209C8FA0024586D /* record_start.aiff in Resources */,
				423CE3431209C8FA0024586D /* record_end.aiff in Resources */,
				42AE83AF1214928C0052A86C /* SettingsViewController.xib in Resources */,
				42AE875412160A7E0052A86C /* ping.aiff in Resources */,
				42F149E4121F39760039EDE0 /* RideListController.xib in Resources */,
				42F14A6B121F3B8F0039EDE0 /* StartViewController.xib in Resources */,
				42F14DEC121FA03D0039EDE0 /* LiveRecordingViewController.xib in Resources */,
				42E12158129978FA00FD11F9 /* TODO.txt in Resources */,
			);
			runOnlyForDeploymentPostprocessing = 0;
		};
/* End PBXResourcesBuildPhase section */

/* Begin PBXSourcesBuildPhase section */
		1D60588E0D05DD3D006BFB54 /* Sources */ = {
			isa = PBXSourcesBuildPhase;
			buildActionMask = 2147483647;
			files = (
				1D60589B0D05DD56006BFB54 /* main.m in Sources */,
				1D3623260D0F684500981E51 /* gloggerAppDelegate.m in Sources */,
				28D3F202112F7DC200FD0661 /* glogger.xcdatamodeld in Sources */,
				42F57F6E11FF901E00D863E6 /* northNitch.m in Sources */,
				42F57F7411FF904200D863E6 /* nnPreferenceManager.m in Sources */,
				42F5810212007CF900D863E6 /* Glogger.m in Sources */,
				42F5813B120085B600D863E6 /* nnCoreDataTableViewController.m in Sources */,
				42F5813E120085CC00D863E6 /* nnCoreDataManager.m in Sources */,
				42F5816012008C1F00D863E6 /* nnCounterTableViewCell.m in Sources */,
				42F5816112008C1F00D863E6 /* nnCustomTableViewCell.m in Sources */,
				42F5828512009A9200D863E6 /* RecordingMapViewController.m in Sources */,
				42F9ACA41200E10D00381E71 /* Recording.m in Sources */,
				42F9ACAD1200E16C00381E71 /* RecordItem.m in Sources */,
				42F9AD5A1201262B00381E71 /* nnScrollingCGView.m in Sources */,
				42F9AD981201296E00381E71 /* TimeBasedView.m in Sources */,
				42F9B35212025F7900381E71 /* nnImageToggleButton.m in Sources */,
				427F4DF112088D6800153B28 /* nnStatusIndicator.m in Sources */,
				423CE3241209C7A40024586D /* nnShortSound.m in Sources */,
				423813A712130E8300C19B17 /* ASINetworkQueue.m in Sources */,
				423813A812130E8300C19B17 /* ASIInputStream.m in Sources */,
				423813A912130E8300C19B17 /* ASIHTTPRequest.m in Sources */,
				423813AA12130E8300C19B17 /* ASIFormDataRequest.m in Sources */,
				423813AB12130E8300C19B17 /* ASIDownloadCache.m in Sources */,
				423813AC12130E8300C19B17 /* ASIAuthenticationDialog.m in Sources */,
				423813B212130ECA00C19B17 /* Reachability.m in Sources */,
				42AE81D912132E210052A86C /* SBJsonWriter.m in Sources */,
				42AE81DA12132E210052A86C /* SBJsonParser.m in Sources */,
				42AE81DB12132E210052A86C /* SBJsonBase.m in Sources */,
				42AE81DC12132E210052A86C /* NSString+SBJSON.m in Sources */,
				42AE81DD12132E210052A86C /* NSObject+SBJSON.m in Sources */,
				42AE84B512159B1C0052A86C /* nnLoginSettingsViewController.m in Sources */,
				42AE84B812159B710052A86C /* SettingsViewController.m in Sources */,
				42AE878D121983100052A86C /* nnDVBoolUISwitch.m in Sources */,
				42F14709121D649C0039EDE0 /* nnHTTPService.m in Sources */,
				42F14710121D65AA0039EDE0 /* RideHttpService.m in Sources */,
				42F149E2121F39610039EDE0 /* RideListController.m in Sources */,
				42F14A6A121F3B8F0039EDE0 /* StartViewController.m in Sources */,
				42F14DEB121FA03D0039EDE0 /* LiveRecordingViewController.m in Sources */,
				42F14F8E1221A8890039EDE0 /* nnSmoother.m in Sources */,
				42F1532E12255A620039EDE0 /* RecordingManager.m in Sources */,
				42C0145F12F4D7A600C0F7C8 /* nnDVStringUIText.m in Sources */,
				42C0146212F5A9BE00C0F7C8 /* nnDVDoubleUISlider.m in Sources */,
			);
			runOnlyForDeploymentPostprocessing = 0;
		};
/* End PBXSourcesBuildPhase section */

/* Begin XCBuildConfiguration section */
		427F4B641203D7EF00153B28 /* Distribution */ = {
			isa = XCBuildConfiguration;
			buildSettings = {
				ARCHS = "$(ARCHS_STANDARD_32_BIT)";
				CODE_SIGN_ENTITLEMENTS = "";
				CODE_SIGN_IDENTITY = "iPhone Distribution: northNitch Studios, Inc";
				"CODE_SIGN_IDENTITY[sdk=iphoneos*]" = "iPhone Developer";
				CURRENT_PROJECT_VERSION = 102;
				GCC_C_LANGUAGE_STANDARD = c99;
				GCC_WARN_ABOUT_RETURN_TYPE = YES;
				GCC_WARN_UNUSED_VARIABLE = YES;
				HEADER_SEARCH_PATHS = "/usr/include/libxml2/**";
				OTHER_CFLAGS = "-DNS_BLOCK_ASSERTIONS=1";
				OTHER_LDFLAGS = "-lxml2";
				PREBINDING = NO;
				PROVISIONING_PROFILE = "C0EDB059-2079-4FE2-BBE9-9741EE0F1DF4";
				"PROVISIONING_PROFILE[sdk=iphoneos*]" = "";
				SDKROOT = iphoneos;
				VERSIONING_SYSTEM = "apple-generic";
			};
			name = Distribution;
		};
		427F4B651203D7EF00153B28 /* Distribution */ = {
			isa = XCBuildConfiguration;
			buildSettings = {
				ALWAYS_SEARCH_USER_PATHS = NO;
				CODE_SIGN_ENTITLEMENTS = "";
				CODE_SIGN_IDENTITY = "iPhone Developer: Brice Tebbs (XM2KZ66A66)";
				"CODE_SIGN_IDENTITY[sdk=iphoneos*]" = "iPhone Developer: Brice Tebbs (XM2KZ66A66)";
				COPY_PHASE_STRIP = YES;
				GCC_PRECOMPILE_PREFIX_HEADER = YES;
				GCC_PREFIX_HEADER = glogger_Prefix.pch;
				INFOPLIST_FILE = "glogger-Info.plist";
				OTHER_CFLAGS = (
					"-DNS_BLOCK_ASSERTIONS=1",
					"-DnnDEBUG_MODE",
				);
				PRODUCT_NAME = glogger;
				PROVISIONING_PROFILE = "904C07E0-9862-4197-9645-0098D78AA5D6";
				"PROVISIONING_PROFILE[sdk=iphoneos*]" = "904C07E0-9862-4197-9645-0098D78AA5D6";
				VALIDATE_PRODUCT = YES;
			};
			name = Distribution;
		};
		C01FCF4F08A954540054247B /* Debug */ = {
			isa = XCBuildConfiguration;
			buildSettings = {
				ARCHS = "$(ARCHS_STANDARD_32_BIT)";
				CODE_SIGN_ENTITLEMENTS = "";
				CODE_SIGN_IDENTITY = "iPhone Developer";
				"CODE_SIGN_IDENTITY[sdk=iphoneos*]" = "iPhone Developer";
				CURRENT_PROJECT_VERSION = 102;
				GCC_C_LANGUAGE_STANDARD = c99;
				GCC_WARN_ABOUT_RETURN_TYPE = YES;
				GCC_WARN_UNUSED_VARIABLE = YES;
				HEADER_SEARCH_PATHS = "/usr/include/libxml2/**";
				IPHONEOS_DEPLOYMENT_TARGET = 4.0;
				OTHER_CFLAGS = "-DnnDEBUG_MODE";
				OTHER_LDFLAGS = "-lxml2";
				PREBINDING = NO;
				PROVISIONING_PROFILE = "";
				"PROVISIONING_PROFILE[sdk=iphoneos*]" = "";
				SDKROOT = iphoneos;
				VERSIONING_SYSTEM = "apple-generic";
			};
			name = Debug;
		};
/* End XCBuildConfiguration section */

/* Begin XCConfigurationList section */
		1D6058960D05DD3E006BFB54 /* Build configuration list for PBXNativeTarget "glogger" */ = {
			isa = XCConfigurationList;
			buildConfigurations = (
				427F4B651203D7EF00153B28 /* Distribution */,
			);
			defaultConfigurationIsVisible = 0;
			defaultConfigurationName = Distribution;
		};
		C01FCF4E08A954540054247B /* Build configuration list for PBXProject "glogger" */ = {
			isa = XCConfigurationList;
			buildConfigurations = (
				C01FCF4F08A954540054247B /* Debug */,
				427F4B641203D7EF00153B28 /* Distribution */,
			);
			defaultConfigurationIsVisible = 0;
			defaultConfigurationName = Distribution;
		};
/* End XCConfigurationList section */

/* Begin XCVersionGroup section */
		28D3F201112F7DC200FD0661 /* glogger.xcdatamodeld */ = {
			isa = XCVersionGroup;
			children = (
				28860B760F44E54D00985440 /* glogger.xcdatamodel */,
				42F9AD7D1201276400381E71 /* glogger 2.xcdatamodel */,
				42F9B065120230F200381E71 /* glogger 3.xcdatamodel */,
				427F4CE71204CCC600153B28 /* glogger 4.xcdatamodel */,
				427F4EBC1208CC3100153B28 /* glogger 5.xcdatamodel */,
				42AE86121215F45E0052A86C /* glogger 6.xcdatamodel */,
			);
			currentVersion = 42AE86121215F45E0052A86C /* glogger 6.xcdatamodel */;
			path = glogger.xcdatamodeld;
			sourceTree = "<group>";
			versionGroupType = wrapper.xcdatamodel;
		};
/* End XCVersionGroup section */
	};
	rootObject = 29B97313FDCFA39411CA2CEA /* Project object */;
}
